
Microsoft Visual Studio Solution File, Format Version 12.00
# Visual Studio Version 17
VisualStudioVersion = 17.2.32526.322
MinimumVisualStudioVersion = 10.0.40219.1
Project("{9A19103F-16F7-4668-BE54-9A1E7A4F7556}") = "Calculator", "Calculator\Calculator.csproj", "{6770033F-1A53-478A-9BA2-118DCA2521B3}"
EndProject
Project("{FAE04EC0-301F-11D3-BF4B-00C04F79EFBC}") = "Calculator.Test", "Calculator.Test\Calculator.Test.csproj", "{2026ADDE-E03E-4202-A586-DCAC8C68F0F9}"
EndProject
Project("{FAE04EC0-301F-11D3-BF4B-00C04F79EFBC}") = "MSTest", "MSTest\MSTest.csproj", "{2BD1EF11-F7E1-4022-A36B-6DB54FDB36F3}"
EndProject
Global
	GlobalSection(SolutionConfigurationPlatforms) = preSolution
		Debug|Any CPU = Debug|Any CPU
		Release|Any CPU = Release|Any CPU
	EndGlobalSection
	GlobalSection(ProjectConfigurationPlatforms) = postSolution
		{6770033F-1A53-478A-9BA2-118DCA2521B3}.Debug|Any CPU.ActiveCfg = Debug|Any CPU
		{6770033F-1A53-478A-9BA2-118DCA2521B3}.Debug|Any CPU.Build.0 = Debug|Any CPU
		{6770033F-1A53-478A-9BA2-118DCA2521B3}.Release|Any CPU.ActiveCfg = Release|Any CPU
		{6770033F-1A53-478A-9BA2-118DCA2521B3}.Release|Any CPU.Build.0 = Release|Any CPU
		{2026ADDE-E03E-4202-A586-DCAC8C68F0F9}.Debug|Any CPU.ActiveCfg = Debug|Any CPU
		{2026ADDE-E03E-4202-A586-DCAC8C68F0F9}.Debug|Any CPU.Build.0 = Debug|Any CPU
		{2026ADDE-E03E-4202-A586-DCAC8C68F0F9}.Release|Any CPU.ActiveCfg = Release|Any CPU
		{2026ADDE-E03E-4202-A586-DCAC8C68F0F9}.Release|Any CPU.Build.0 = Release|Any CPU
		{2BD1EF11-F7E1-4022-A36B-6DB54FDB36F3}.Debug|Any CPU.ActiveCfg = Debug|Any CPU
		{2BD1EF11-F7E1-4022-A36B-6DB54FDB36F3}.Debug|Any CPU.Build.0 = Debug|Any CPU
		{2BD1EF11-F7E1-4022-A36B-6DB54FDB36F3}.Release|Any CPU.ActiveCfg = Release|Any CPU
		{2BD1EF11-F7E1-4022-A36B-6DB54FDB36F3}.Release|Any CPU.Build.0 = Release|Any CPU
	EndGlobalSection
	GlobalSection(SolutionProperties) = preSolution
		HideSolutionNode = FALSE
	EndGlobalSection
	GlobalSection(ExtensibilityGlobals) = postSolution
		SolutionGuid = {205F9319-7F67-43A8-BEC8-3896BD21FA82}
	EndGlobalSection
EndGlobal
